
Microsoft Visual Studio Solution File, Format Version 12.00
# Visual Studio Version 18
VisualStudioVersion = 18.0.11222.15
MinimumVisualStudioVersion = 10.0.40219.1
Project("{FAE04EC0-301F-11D3-BF4B-00C04F79EFBC}") = "PointofSaleModels", "PointofSaleModels\PointofSaleModels.csproj", "{908B0329-2272-4C37-B184-07DDC3F7FC51}"
EndProject
Project("{FAE04EC0-301F-11D3-BF4B-00C04F79EFBC}") = "GatewayService", "GatewayService\GatewayService.csproj", "{745A089D-F750-8C43-D481-611EC449C132}"
EndProject
Project("{2150E333-8FDC-42A3-9474-1A3956D46DE8}") = "Solution Items", "Solution Items", "{8EC462FD-D22E-90A8-E5CE-7E832BA40C5D}"
	ProjectSection(SolutionItems) = preProject
		docker-compose.yml = docker-compose.yml
	EndProjectSection
EndProject
Project("{FAE04EC0-301F-11D3-BF4B-00C04F79EFBC}") = "ImportService", "ImportService\ImportService.csproj", "{2E75778C-5ECF-49A0-BEEC-8C216369B75D}"
EndProject
Project("{FAE04EC0-301F-11D3-BF4B-00C04F79EFBC}") = "CreateOrderService", "CreateOrderService\CreateOrderService.csproj", "{3F0A914C-8694-4736-9250-9ABCA207B35A}"
EndProject
Project("{FAE04EC0-301F-11D3-BF4B-00C04F79EFBC}") = "ExportService", "ExportService\ExportService.csproj", "{D9C8E1F1-76B1-4133-93FD-BB06B65E575F}"
EndProject
Project("{FAE04EC0-301F-11D3-BF4B-00C04F79EFBC}") = "DataService", "DataService\DataService.csproj", "{4DF53EEF-CE53-4B8F-ABD4-D3A5D4725DEB}"
EndProject
Project("{FAE04EC0-301F-11D3-BF4B-00C04F79EFBC}") = "MenuService", "MenuService\MenuService.csproj", "{84BFA56E-669C-455B-86D5-11BFE651DC91}"
EndProject
Project("{FAE04EC0-301F-11D3-BF4B-00C04F79EFBC}") = "OrderHistoryService", "OrderHistoryService\OrderHistoryService.csproj", "{477AED67-9D30-4368-8A88-0D497BDB4EA0}"
EndProject
Project("{FAE04EC0-301F-11D3-BF4B-00C04F79EFBC}") = "SettingsDataService", "SettingsDataService\SettingsDataService.csproj", "{864CEF27-7CF6-4F69-B8A1-41A552DE2152}"
EndProject
Project("{FAE04EC0-301F-11D3-BF4B-00C04F79EFBC}") = "PushNotificationService", "PushNotificationService\PushNotificationService.csproj", "{467C87A0-051D-4379-BC79-DA730E4A9D5A}"
EndProject
Project("{FAE04EC0-301F-11D3-BF4B-00C04F79EFBC}") = "OrderUpdateService", "OrderUpdateService\OrderUpdateService.csproj", "{FB7543A5-1F86-4D0B-89EC-E0E46284D6E9}"
EndProject
Project("{FAE04EC0-301F-11D3-BF4B-00C04F79EFBC}") = "ProtoBufGenerator", "ProtoBufGenerator\ProtoBufGenerator.csproj", "{817E57F2-0525-40D5-BD4F-AF4B0C4B377A}"
EndProject
Project("{FAE04EC0-301F-11D3-BF4B-00C04F79EFBC}") = "ClientNotificationService", "ClientNotificationService\ClientNotificationService.csproj", "{377DA1A6-8690-2B5E-B1F6-CBA0915879B8}"
EndProject
Project("{FAE04EC0-301F-11D3-BF4B-00C04F79EFBC}") = "CustomerOrderHistoryService", "CustomerOrderHistoryService\CustomerOrderHistoryService.csproj", "{37AF16E4-B1BD-4047-9C60-6AA4082EDF70}"
EndProject
Global
	GlobalSection(SolutionConfigurationPlatforms) = preSolution
		Debug|Any CPU = Debug|Any CPU
		Debug|x64 = Debug|x64
		Debug|x86 = Debug|x86
		Release|Any CPU = Release|Any CPU
		Release|x64 = Release|x64
		Release|x86 = Release|x86
	EndGlobalSection
	GlobalSection(ProjectConfigurationPlatforms) = postSolution
		{908B0329-2272-4C37-B184-07DDC3F7FC51}.Debug|Any CPU.ActiveCfg = Debug|Any CPU
		{908B0329-2272-4C37-B184-07DDC3F7FC51}.Debug|Any CPU.Build.0 = Debug|Any CPU
		{908B0329-2272-4C37-B184-07DDC3F7FC51}.Debug|x64.ActiveCfg = Debug|Any CPU
		{908B0329-2272-4C37-B184-07DDC3F7FC51}.Debug|x64.Build.0 = Debug|Any CPU
		{908B0329-2272-4C37-B184-07DDC3F7FC51}.Debug|x86.ActiveCfg = Debug|Any CPU
		{908B0329-2272-4C37-B184-07DDC3F7FC51}.Debug|x86.Build.0 = Debug|Any CPU
		{908B0329-2272-4C37-B184-07DDC3F7FC51}.Release|Any CPU.ActiveCfg = Release|Any CPU
		{908B0329-2272-4C37-B184-07DDC3F7FC51}.Release|Any CPU.Build.0 = Release|Any CPU
		{908B0329-2272-4C37-B184-07DDC3F7FC51}.Release|x64.ActiveCfg = Release|Any CPU
		{908B0329-2272-4C37-B184-07DDC3F7FC51}.Release|x64.Build.0 = Release|Any CPU
		{908B0329-2272-4C37-B184-07DDC3F7FC51}.Release|x86.ActiveCfg = Release|Any CPU
		{908B0329-2272-4C37-B184-07DDC3F7FC51}.Release|x86.Build.0 = Release|Any CPU
		{745A089D-F750-8C43-D481-611EC449C132}.Debug|Any CPU.ActiveCfg = Debug|Any CPU
		{745A089D-F750-8C43-D481-611EC449C132}.Debug|Any CPU.Build.0 = Debug|Any CPU
		{745A089D-F750-8C43-D481-611EC449C132}.Debug|x64.ActiveCfg = Debug|Any CPU
		{745A089D-F750-8C43-D481-611EC449C132}.Debug|x64.Build.0 = Debug|Any CPU
		{745A089D-F750-8C43-D481-611EC449C132}.Debug|x86.ActiveCfg = Debug|Any CPU
		{745A089D-F750-8C43-D481-611EC449C132}.Debug|x86.Build.0 = Debug|Any CPU
		{745A089D-F750-8C43-D481-611EC449C132}.Release|Any CPU.ActiveCfg = Release|Any CPU
		{745A089D-F750-8C43-D481-611EC449C132}.Release|Any CPU.Build.0 = Release|Any CPU
		{745A089D-F750-8C43-D481-611EC449C132}.Release|x64.ActiveCfg = Release|Any CPU
		{745A089D-F750-8C43-D481-611EC449C132}.Release|x64.Build.0 = Release|Any CPU
		{745A089D-F750-8C43-D481-611EC449C132}.Release|x86.ActiveCfg = Release|Any CPU
		{745A089D-F750-8C43-D481-611EC449C132}.Release|x86.Build.0 = Release|Any CPU
		{2E75778C-5ECF-49A0-BEEC-8C216369B75D}.Debug|Any CPU.ActiveCfg = Debug|Any CPU
		{2E75778C-5ECF-49A0-BEEC-8C216369B75D}.Debug|Any CPU.Build.0 = Debug|Any CPU
		{2E75778C-5ECF-49A0-BEEC-8C216369B75D}.Debug|x64.ActiveCfg = Debug|Any CPU
		{2E75778C-5ECF-49A0-BEEC-8C216369B75D}.Debug|x64.Build.0 = Debug|Any CPU
		{2E75778C-5ECF-49A0-BEEC-8C216369B75D}.Debug|x86.ActiveCfg = Debug|Any CPU
		{2E75778C-5ECF-49A0-BEEC-8C216369B75D}.Debug|x86.Build.0 = Debug|Any CPU
		{2E75778C-5ECF-49A0-BEEC-8C216369B75D}.Release|Any CPU.ActiveCfg = Release|Any CPU
		{2E75778C-5ECF-49A0-BEEC-8C216369B75D}.Release|Any CPU.Build.0 = Release|Any CPU
		{2E75778C-5ECF-49A0-BEEC-8C216369B75D}.Release|x64.ActiveCfg = Release|Any CPU
		{2E75778C-5ECF-49A0-BEEC-8C216369B75D}.Release|x64.Build.0 = Release|Any CPU
		{2E75778C-5ECF-49A0-BEEC-8C216369B75D}.Release|x86.ActiveCfg = Release|Any CPU
		{2E75778C-5ECF-49A0-BEEC-8C216369B75D}.Release|x86.Build.0 = Release|Any CPU
		{3F0A914C-8694-4736-9250-9ABCA207B35A}.Debug|Any CPU.ActiveCfg = Debug|Any CPU
		{3F0A914C-8694-4736-9250-9ABCA207B35A}.Debug|Any CPU.Build.0 = Debug|Any CPU
		{3F0A914C-8694-4736-9250-9ABCA207B35A}.Debug|x64.ActiveCfg = Debug|Any CPU
		{3F0A914C-8694-4736-9250-9ABCA207B35A}.Debug|x64.Build.0 = Debug|Any CPU
		{3F0A914C-8694-4736-9250-9ABCA207B35A}.Debug|x86.ActiveCfg = Debug|Any CPU
		{3F0A914C-8694-4736-9250-9ABCA207B35A}.Debug|x86.Build.0 = Debug|Any CPU
		{3F0A914C-8694-4736-9250-9ABCA207B35A}.Release|Any CPU.ActiveCfg = Release|Any CPU
		{3F0A914C-8694-4736-9250-9ABCA207B35A}.Release|Any CPU.Build.0 = Release|Any CPU
		{3F0A914C-8694-4736-9250-9ABCA207B35A}.Release|x64.ActiveCfg = Release|Any CPU
		{3F0A914C-8694-4736-9250-9ABCA207B35A}.Release|x64.Build.0 = Release|Any CPU
		{3F0A914C-8694-4736-9250-9ABCA207B35A}.Release|x86.ActiveCfg = Release|Any CPU
		{3F0A914C-8694-4736-9250-9ABCA207B35A}.Release|x86.Build.0 = Release|Any CPU
		{D9C8E1F1-76B1-4133-93FD-BB06B65E575F}.Debug|Any CPU.ActiveCfg = Debug|Any CPU
		{D9C8E1F1-76B1-4133-93FD-BB06B65E575F}.Debug|Any CPU.Build.0 = Debug|Any CPU
		{D9C8E1F1-76B1-4133-93FD-BB06B65E575F}.Debug|x64.ActiveCfg = Debug|Any CPU
		{D9C8E1F1-76B1-4133-93FD-BB06B65E575F}.Debug|x64.Build.0 = Debug|Any CPU
		{D9C8E1F1-76B1-4133-93FD-BB06B65E575F}.Debug|x86.ActiveCfg = Debug|Any CPU
		{D9C8E1F1-76B1-4133-93FD-BB06B65E575F}.Debug|x86.Build.0 = Debug|Any CPU
		{D9C8E1F1-76B1-4133-93FD-BB06B65E575F}.Release|Any CPU.ActiveCfg = Release|Any CPU
		{D9C8E1F1-76B1-4133-93FD-BB06B65E575F}.Release|Any CPU.Build.0 = Release|Any CPU
		{D9C8E1F1-76B1-4133-93FD-BB06B65E575F}.Release|x64.ActiveCfg = Release|Any CPU
		{D9C8E1F1-76B1-4133-93FD-BB06B65E575F}.Release|x64.Build.0 = Release|Any CPU
		{D9C8E1F1-76B1-4133-93FD-BB06B65E575F}.Release|x86.ActiveCfg = Release|Any CPU
		{D9C8E1F1-76B1-4133-93FD-BB06B65E575F}.Release|x86.Build.0 = Release|Any CPU
		{4DF53EEF-CE53-4B8F-ABD4-D3A5D4725DEB}.Debug|Any CPU.ActiveCfg = Debug|Any CPU
		{4DF53EEF-CE53-4B8F-ABD4-D3A5D4725DEB}.Debug|Any CPU.Build.0 = Debug|Any CPU
		{4DF53EEF-CE53-4B8F-ABD4-D3A5D4725DEB}.Debug|x64.ActiveCfg = Debug|Any CPU
		{4DF53EEF-CE53-4B8F-ABD4-D3A5D4725DEB}.Debug|x64.Build.0 = Debug|Any CPU
		{4DF53EEF-CE53-4B8F-ABD4-D3A5D4725DEB}.Debug|x86.ActiveCfg = Debug|Any CPU
		{4DF53EEF-CE53-4B8F-ABD4-D3A5D4725DEB}.Debug|x86.Build.0 = Debug|Any CPU
		{4DF53EEF-CE53-4B8F-ABD4-D3A5D4725DEB}.Release|Any CPU.ActiveCfg = Release|Any CPU
		{4DF53EEF-CE53-4B8F-ABD4-D3A5D4725DEB}.Release|Any CPU.Build.0 = Release|Any CPU
		{4DF53EEF-CE53-4B8F-ABD4-D3A5D4725DEB}.Release|x64.ActiveCfg = Release|Any CPU
		{4DF53EEF-CE53-4B8F-ABD4-D3A5D4725DEB}.Release|x64.Build.0 = Release|Any CPU
		{4DF53EEF-CE53-4B8F-ABD4-D3A5D4725DEB}.Release|x86.ActiveCfg = Release|Any CPU
		{4DF53EEF-CE53-4B8F-ABD4-D3A5D4725DEB}.Release|x86.Build.0 = Release|Any CPU
		{84BFA56E-669C-455B-86D5-11BFE651DC91}.Debug|Any CPU.ActiveCfg = Debug|Any CPU
		{84BFA56E-669C-455B-86D5-11BFE651DC91}.Debug|Any CPU.Build.0 = Debug|Any CPU
		{84BFA56E-669C-455B-86D5-11BFE651DC91}.Debug|x64.ActiveCfg = Debug|Any CPU
		{84BFA56E-669C-455B-86D5-11BFE651DC91}.Debug|x64.Build.0 = Debug|Any CPU
		{84BFA56E-669C-455B-86D5-11BFE651DC91}.Debug|x86.ActiveCfg = Debug|Any CPU
		{84BFA56E-669C-455B-86D5-11BFE651DC91}.Debug|x86.Build.0 = Debug|Any CPU
		{84BFA56E-669C-455B-86D5-11BFE651DC91}.Release|Any CPU.ActiveCfg = Release|Any CPU
		{84BFA56E-669C-455B-86D5-11BFE651DC91}.Release|Any CPU.Build.0 = Release|Any CPU
		{84BFA56E-669C-455B-86D5-11BFE651DC91}.Release|x64.ActiveCfg = Release|Any CPU
		{84BFA56E-669C-455B-86D5-11BFE651DC91}.Release|x64.Build.0 = Release|Any CPU
		{84BFA56E-669C-455B-86D5-11BFE651DC91}.Release|x86.ActiveCfg = Release|Any CPU
		{84BFA56E-669C-455B-86D5-11BFE651DC91}.Release|x86.Build.0 = Release|Any CPU
		{477AED67-9D30-4368-8A88-0D497BDB4EA0}.Debug|Any CPU.ActiveCfg = Debug|Any CPU
		{477AED67-9D30-4368-8A88-0D497BDB4EA0}.Debug|Any CPU.Build.0 = Debug|Any CPU
		{477AED67-9D30-4368-8A88-0D497BDB4EA0}.Debug|x64.ActiveCfg = Debug|Any CPU
		{477AED67-9D30-4368-8A88-0D497BDB4EA0}.Debug|x64.Build.0 = Debug|Any CPU
		{477AED67-9D30-4368-8A88-0D497BDB4EA0}.Debug|x86.ActiveCfg = Debug|Any CPU
		{477AED67-9D30-4368-8A88-0D497BDB4EA0}.Debug|x86.Build.0 = Debug|Any CPU
		{477AED67-9D30-4368-8A88-0D497BDB4EA0}.Release|Any CPU.ActiveCfg = Release|Any CPU
		{477AED67-9D30-4368-8A88-0D497BDB4EA0}.Release|Any CPU.Build.0 = Release|Any CPU
		{477AED67-9D30-4368-8A88-0D497BDB4EA0}.Release|x64.ActiveCfg = Release|Any CPU
		{477AED67-9D30-4368-8A88-0D497BDB4EA0}.Release|x64.Build.0 = Release|Any CPU
		{477AED67-9D30-4368-8A88-0D497BDB4EA0}.Release|x86.ActiveCfg = Release|Any CPU
		{477AED67-9D30-4368-8A88-0D497BDB4EA0}.Release|x86.Build.0 = Release|Any CPU
		{864CEF27-7CF6-4F69-B8A1-41A552DE2152}.Debug|Any CPU.ActiveCfg = Debug|Any CPU
		{864CEF27-7CF6-4F69-B8A1-41A552DE2152}.Debug|Any CPU.Build.0 = Debug|Any CPU
		{864CEF27-7CF6-4F69-B8A1-41A552DE2152}.Debug|x64.ActiveCfg = Debug|Any CPU
		{864CEF27-7CF6-4F69-B8A1-41A552DE2152}.Debug|x64.Build.0 = Debug|Any CPU
		{864CEF27-7CF6-4F69-B8A1-41A552DE2152}.Debug|x86.ActiveCfg = Debug|Any CPU
		{864CEF27-7CF6-4F69-B8A1-41A552DE2152}.Debug|x86.Build.0 = Debug|Any CPU
		{864CEF27-7CF6-4F69-B8A1-41A552DE2152}.Release|Any CPU.ActiveCfg = Release|Any CPU
		{864CEF27-7CF6-4F69-B8A1-41A552DE2152}.Release|Any CPU.Build.0 = Release|Any CPU
		{864CEF27-7CF6-4F69-B8A1-41A552DE2152}.Release|x64.ActiveCfg = Release|Any CPU
		{864CEF27-7CF6-4F69-B8A1-41A552DE2152}.Release|x64.Build.0 = Release|Any CPU
		{864CEF27-7CF6-4F69-B8A1-41A552DE2152}.Release|x86.ActiveCfg = Release|Any CPU
		{864CEF27-7CF6-4F69-B8A1-41A552DE2152}.Release|x86.Build.0 = Release|Any CPU
		{467C87A0-051D-4379-BC79-DA730E4A9D5A}.Debug|Any CPU.ActiveCfg = Debug|Any CPU
		{467C87A0-051D-4379-BC79-DA730E4A9D5A}.Debug|Any CPU.Build.0 = Debug|Any CPU
		{467C87A0-051D-4379-BC79-DA730E4A9D5A}.Debug|x64.ActiveCfg = Debug|Any CPU
		{467C87A0-051D-4379-BC79-DA730E4A9D5A}.Debug|x64.Build.0 = Debug|Any CPU
		{467C87A0-051D-4379-BC79-DA730E4A9D5A}.Debug|x86.ActiveCfg = Debug|Any CPU
		{467C87A0-051D-4379-BC79-DA730E4A9D5A}.Debug|x86.Build.0 = Debug|Any CPU
		{467C87A0-051D-4379-BC79-DA730E4A9D5A}.Release|Any CPU.ActiveCfg = Release|Any CPU
		{467C87A0-051D-4379-BC79-DA730E4A9D5A}.Release|Any CPU.Build.0 = Release|Any CPU
		{467C87A0-051D-4379-BC79-DA730E4A9D5A}.Release|x64.ActiveCfg = Release|Any CPU
		{467C87A0-051D-4379-BC79-DA730E4A9D5A}.Release|x64.Build.0 = Release|Any CPU
		{467C87A0-051D-4379-BC79-DA730E4A9D5A}.Release|x86.ActiveCfg = Release|Any CPU
		{467C87A0-051D-4379-BC79-DA730E4A9D5A}.Release|x86.Build.0 = Release|Any CPU
		{FB7543A5-1F86-4D0B-89EC-E0E46284D6E9}.Debug|Any CPU.ActiveCfg = Debug|Any CPU
		{FB7543A5-1F86-4D0B-89EC-E0E46284D6E9}.Debug|Any CPU.Build.0 = Debug|Any CPU
		{FB7543A5-1F86-4D0B-89EC-E0E46284D6E9}.Debug|x64.ActiveCfg = Debug|Any CPU
		{FB7543A5-1F86-4D0B-89EC-E0E46284D6E9}.Debug|x64.Build.0 = Debug|Any CPU
		{FB7543A5-1F86-4D0B-89EC-E0E46284D6E9}.Debug|x86.ActiveCfg = Debug|Any CPU
		{FB7543A5-1F86-4D0B-89EC-E0E46284D6E9}.Debug|x86.Build.0 = Debug|Any CPU
		{FB7543A5-1F86-4D0B-89EC-E0E46284D6E9}.Release|Any CPU.ActiveCfg = Release|Any CPU
		{FB7543A5-1F86-4D0B-89EC-E0E46284D6E9}.Release|Any CPU.Build.0 = Release|Any CPU
		{FB7543A5-1F86-4D0B-89EC-E0E46284D6E9}.Release|x64.ActiveCfg = Release|Any CPU
		{FB7543A5-1F86-4D0B-89EC-E0E46284D6E9}.Release|x64.Build.0 = Release|Any CPU
		{FB7543A5-1F86-4D0B-89EC-E0E46284D6E9}.Release|x86.ActiveCfg = Release|Any CPU
		{FB7543A5-1F86-4D0B-89EC-E0E46284D6E9}.Release|x86.Build.0 = Release|Any CPU
		{817E57F2-0525-40D5-BD4F-AF4B0C4B377A}.Debug|Any CPU.ActiveCfg = Debug|Any CPU
		{817E57F2-0525-40D5-BD4F-AF4B0C4B377A}.Debug|Any CPU.Build.0 = Debug|Any CPU
		{817E57F2-0525-40D5-BD4F-AF4B0C4B377A}.Debug|x64.ActiveCfg = Debug|Any CPU
		{817E57F2-0525-40D5-BD4F-AF4B0C4B377A}.Debug|x64.Build.0 = Debug|Any CPU
		{817E57F2-0525-40D5-BD4F-AF4B0C4B377A}.Debug|x86.ActiveCfg = Debug|Any CPU
		{817E57F2-0525-40D5-BD4F-AF4B0C4B377A}.Debug|x86.Build.0 = Debug|Any CPU
		{817E57F2-0525-40D5-BD4F-AF4B0C4B377A}.Release|Any CPU.ActiveCfg = Release|Any CPU
		{817E57F2-0525-40D5-BD4F-AF4B0C4B377A}.Release|Any CPU.Build.0 = Release|Any CPU
		{817E57F2-0525-40D5-BD4F-AF4B0C4B377A}.Release|x64.ActiveCfg = Release|Any CPU
		{817E57F2-0525-40D5-BD4F-AF4B0C4B377A}.Release|x64.Build.0 = Release|Any CPU
		{817E57F2-0525-40D5-BD4F-AF4B0C4B377A}.Release|x86.ActiveCfg = Release|Any CPU
		{817E57F2-0525-40D5-BD4F-AF4B0C4B377A}.Release|x86.Build.0 = Release|Any CPU
		{377DA1A6-8690-2B5E-B1F6-CBA0915879B8}.Debug|Any CPU.ActiveCfg = Debug|Any CPU
		{377DA1A6-8690-2B5E-B1F6-CBA0915879B8}.Debug|Any CPU.Build.0 = Debug|Any CPU
		{377DA1A6-8690-2B5E-B1F6-CBA0915879B8}.Debug|x64.ActiveCfg = Debug|Any CPU
		{377DA1A6-8690-2B5E-B1F6-CBA0915879B8}.Debug|x64.Build.0 = Debug|Any CPU
		{377DA1A6-8690-2B5E-B1F6-CBA0915879B8}.Debug|x86.ActiveCfg = Debug|Any CPU
		{377DA1A6-8690-2B5E-B1F6-CBA0915879B8}.Debug|x86.Build.0 = Debug|Any CPU
		{377DA1A6-8690-2B5E-B1F6-CBA0915879B8}.Release|Any CPU.ActiveCfg = Release|Any CPU
		{377DA1A6-8690-2B5E-B1F6-CBA0915879B8}.Release|Any CPU.Build.0 = Release|Any CPU
		{377DA1A6-8690-2B5E-B1F6-CBA0915879B8}.Release|x64.ActiveCfg = Release|Any CPU
		{377DA1A6-8690-2B5E-B1F6-CBA0915879B8}.Release|x64.Build.0 = Release|Any CPU
		{377DA1A6-8690-2B5E-B1F6-CBA0915879B8}.Release|x86.ActiveCfg = Release|Any CPU
		{377DA1A6-8690-2B5E-B1F6-CBA0915879B8}.Release|x86.Build.0 = Release|Any CPU
		{37AF16E4-B1BD-4047-9C60-6AA4082EDF70}.Debug|Any CPU.ActiveCfg = Debug|Any CPU
		{37AF16E4-B1BD-4047-9C60-6AA4082EDF70}.Debug|Any CPU.Build.0 = Debug|Any CPU
		{37AF16E4-B1BD-4047-9C60-6AA4082EDF70}.Debug|x64.ActiveCfg = Debug|Any CPU
		{37AF16E4-B1BD-4047-9C60-6AA4082EDF70}.Debug|x64.Build.0 = Debug|Any CPU
		{37AF16E4-B1BD-4047-9C60-6AA4082EDF70}.Debug|x86.ActiveCfg = Debug|Any CPU
		{37AF16E4-B1BD-4047-9C60-6AA4082EDF70}.Debug|x86.Build.0 = Debug|Any CPU
		{37AF16E4-B1BD-4047-9C60-6AA4082EDF70}.Release|Any CPU.ActiveCfg = Release|Any CPU
		{37AF16E4-B1BD-4047-9C60-6AA4082EDF70}.Release|Any CPU.Build.0 = Release|Any CPU
		{37AF16E4-B1BD-4047-9C60-6AA4082EDF70}.Release|x64.ActiveCfg = Release|Any CPU
		{37AF16E4-B1BD-4047-9C60-6AA4082EDF70}.Release|x64.Build.0 = Release|Any CPU
		{37AF16E4-B1BD-4047-9C60-6AA4082EDF70}.Release|x86.ActiveCfg = Release|Any CPU
		{37AF16E4-B1BD-4047-9C60-6AA4082EDF70}.Release|x86.Build.0 = Release|Any CPU
	EndGlobalSection
	GlobalSection(SolutionProperties) = preSolution
		HideSolutionNode = FALSE
	EndGlobalSection
	GlobalSection(ExtensibilityGlobals) = postSolution
		SolutionGuid = {146CE259-5410-4FD6-B5F6-54A81F08DB17}
	EndGlobalSection
EndGlobal
