Microsoft Visual Studio Solution File, Format Version 12.00
# Visual Studio Version 17
VisualStudioVersion = 17.5.2.0
MinimumVisualStudioVersion = 10.0.40219.1
Project("{FAE04EC0-301F-11D3-BF4B-00C04F79EFBC}") = "JwtTokenService", "JwtTokenService.csproj", "{5F8F9FA9-0DD0-40D5-BB09-D95683694F37}"
EndProject
Global
	GlobalSection(SolutionConfigurationPlatforms) = preSolution
		Debug|Any CPU = Debug|Any CPU
		Release|Any CPU = Release|Any CPU
	EndGlobalSection
	GlobalSection(ProjectConfigurationPlatforms) = postSolution
		{5F8F9FA9-0DD0-40D5-BB09-D95683694F37}.Debug|Any CPU.ActiveCfg = Debug|Any CPU
		{5F8F9FA9-0DD0-40D5-BB09-D95683694F37}.Debug|Any CPU.Build.0 = Debug|Any CPU
		{5F8F9FA9-0DD0-40D5-BB09-D95683694F37}.Release|Any CPU.ActiveCfg = Release|Any CPU
		{5F8F9FA9-0DD0-40D5-BB09-D95683694F37}.Release|Any CPU.Build.0 = Release|Any CPU
	EndGlobalSection
	GlobalSection(SolutionProperties) = preSolution
		HideSolutionNode = FALSE
	EndGlobalSection
	GlobalSection(ExtensibilityGlobals) = postSolution
		SolutionGuid = {E46F9507-6D45-4577-AC40-DF4EB96D9A99}
	EndGlobalSection
EndGlobal
