Microsoft Visual Studio Solution File, Format Version 12.00
# Visual Studio Version 17
VisualStudioVersion = 17.5.2.0
MinimumVisualStudioVersion = 10.0.40219.1
Project("{FAE04EC0-301F-11D3-BF4B-00C04F79EFBC}") = "GetMenuService", "GetMenuService.csproj", "{8381EA6E-B01B-EA4C-2CD2-1D6B8A7D3C9A}"
EndProject
Global
	GlobalSection(SolutionConfigurationPlatforms) = preSolution
		Debug|Any CPU = Debug|Any CPU
		Release|Any CPU = Release|Any CPU
	EndGlobalSection
	GlobalSection(ProjectConfigurationPlatforms) = postSolution
		{8381EA6E-B01B-EA4C-2CD2-1D6B8A7D3C9A}.Debug|Any CPU.ActiveCfg = Debug|Any CPU
		{8381EA6E-B01B-EA4C-2CD2-1D6B8A7D3C9A}.Debug|Any CPU.Build.0 = Debug|Any CPU
		{8381EA6E-B01B-EA4C-2CD2-1D6B8A7D3C9A}.Release|Any CPU.ActiveCfg = Release|Any CPU
		{8381EA6E-B01B-EA4C-2CD2-1D6B8A7D3C9A}.Release|Any CPU.Build.0 = Release|Any CPU
	EndGlobalSection
	GlobalSection(SolutionProperties) = preSolution
		HideSolutionNode = FALSE
	EndGlobalSection
	GlobalSection(ExtensibilityGlobals) = postSolution
		SolutionGuid = {54CE5B00-3E10-4BB5-A8E6-66F4836A2A2A}
	EndGlobalSection
EndGlobal
